
Microsoft Visual Studio Solution File, Format Version 12.00
# Visual Studio 14
VisualStudioVersion = 14.0.25123.0
MinimumVisualStudioVersion = 10.0.40219.1
Project("{AA3FA0B1-046E-4FE2-8159-65FCD2B043BB}") = "Sitecore.Support.93837", "Sitecore.Support.93837\Sitecore.Support.93837.csproj", "{FEB2FBD5-6E3F-46F3-B16A-6F37C9F9E19A}"
EndProject
Global
	GlobalSection(SolutionConfigurationPlatforms) = preSolution
		Debug|Any CPU = Debug|Any CPU
		Release|Any CPU = Release|Any CPU
	EndGlobalSection
	GlobalSection(ProjectConfigurationPlatforms) = postSolution
		{FEB2FBD5-6E3F-46F3-B16A-6F37C9F9E19A}.Debug|Any CPU.ActiveCfg = Debug|Any CPU
		{FEB2FBD5-6E3F-46F3-B16A-6F37C9F9E19A}.Debug|Any CPU.Build.0 = Debug|Any CPU
		{FEB2FBD5-6E3F-46F3-B16A-6F37C9F9E19A}.Release|Any CPU.ActiveCfg = Release|Any CPU
		{FEB2FBD5-6E3F-46F3-B16A-6F37C9F9E19A}.Release|Any CPU.Build.0 = Release|Any CPU
	EndGlobalSection
	GlobalSection(SolutionProperties) = preSolution
		HideSolutionNode = FALSE
	EndGlobalSection
EndGlobal
